
Microsoft Visual Studio Solution File, Format Version 12.00
# Visual Studio 2012
Project("{E24C65DC-7377-472B-9ABA-BC803B73C61A}") = "jquery-autocomplete", ".", "{52639159-A3F1-4228-B0BB-7A914C02179B}"
	ProjectSection(WebsiteProperties) = preProject
		TargetFrameworkMoniker = ".NETFramework,Version%3Dv4.0"
		Debug.AspNetCompiler.VirtualPath = "/jquery-autocomplete"
		Debug.AspNetCompiler.PhysicalPath = "..\jquery-autocomplete\"
		Debug.AspNetCompiler.TargetPath = "PrecompiledWeb\jquery-autocomplete\"
		Debug.AspNetCompiler.Updateable = "true"
		Debug.AspNetCompiler.ForceOverwrite = "true"
		Debug.AspNetCompiler.FixedNames = "false"
		Debug.AspNetCompiler.Debug = "True"
		Release.AspNetCompiler.VirtualPath = "/jquery-autocomplete"
		Release.AspNetCompiler.PhysicalPath = "..\jquery-autocomplete\"
		Release.AspNetCompiler.TargetPath = "PrecompiledWeb\jquery-autocomplete\"
		Release.AspNetCompiler.Updateable = "true"
		Release.AspNetCompiler.ForceOverwrite = "true"
		Release.AspNetCompiler.FixedNames = "false"
		Release.AspNetCompiler.Debug = "False"
		VWDPort = "49225"
	EndProjectSection
EndProject
Global
	GlobalSection(SolutionConfigurationPlatforms) = preSolution
		Debug|Any CPU = Debug|Any CPU
	EndGlobalSection
	GlobalSection(ProjectConfigurationPlatforms) = postSolution
		{52639159-A3F1-4228-B0BB-7A914C02179B}.Debug|Any CPU.ActiveCfg = Debug|Any CPU
		{52639159-A3F1-4228-B0BB-7A914C02179B}.Debug|Any CPU.Build.0 = Debug|Any CPU
	EndGlobalSection
	GlobalSection(SolutionProperties) = preSolution
		HideSolutionNode = FALSE
	EndGlobalSection
EndGlobal
